
Microsoft Visual Studio Solution File, Format Version 12.00
# Visual Studio Version 17
VisualStudioVersion = 17.2.32630.192
MinimumVisualStudioVersion = 10.0.40219.1
Project("{8BC9CEB8-8B4A-11D0-8D11-00A0C91BC942}") = "rt-DAS.Plugin", "rt-DAS.Plugin\rt-DAS.Plugin.vcxproj", "{561F2B99-5CCA-47D3-97F6-4BC537FD876C}"
EndProject
Project("{2150E333-8FDC-42A3-9474-1A3956D46DE8}") = "Solution Items", "Solution Items", "{9B843E90-7AE0-43F7-BBAD-84790F7EB4C5}"
	ProjectSection(SolutionItems) = preProject
		.editorconfig = .editorconfig
	EndProjectSection
EndProject
Project("{9092AA53-FB77-4645-B42D-1CCCA6BD08BD}") = "rt-DAS.Client", "rt-DAS.Client\rt-DAS.Client.njsproj", "{F5F2E7D5-E17D-4F8D-A15F-4475253BE0B6}"
EndProject
Project("{9092AA53-FB77-4645-B42D-1CCCA6BD08BD}") = "rt-DAS.Server", "rt-DAS.Server\rt-DAS.Server.njsproj", "{72DBD442-FD03-40BA-8DD6-3AFDA9784CC1}"
EndProject
Global
	GlobalSection(SolutionConfigurationPlatforms) = preSolution
		Debug|Any CPU = Debug|Any CPU
		Debug|x64 = Debug|x64
		Debug|x86 = Debug|x86
		Release|Any CPU = Release|Any CPU
		Release|x64 = Release|x64
		Release|x86 = Release|x86
	EndGlobalSection
	GlobalSection(ProjectConfigurationPlatforms) = postSolution
		{561F2B99-5CCA-47D3-97F6-4BC537FD876C}.Debug|Any CPU.ActiveCfg = Debug|x64
		{561F2B99-5CCA-47D3-97F6-4BC537FD876C}.Debug|Any CPU.Build.0 = Debug|x64
		{561F2B99-5CCA-47D3-97F6-4BC537FD876C}.Debug|x64.ActiveCfg = Debug|x64
		{561F2B99-5CCA-47D3-97F6-4BC537FD876C}.Debug|x64.Build.0 = Debug|x64
		{561F2B99-5CCA-47D3-97F6-4BC537FD876C}.Debug|x86.ActiveCfg = Debug|Win32
		{561F2B99-5CCA-47D3-97F6-4BC537FD876C}.Debug|x86.Build.0 = Debug|Win32
		{561F2B99-5CCA-47D3-97F6-4BC537FD876C}.Release|Any CPU.ActiveCfg = Release|x64
		{561F2B99-5CCA-47D3-97F6-4BC537FD876C}.Release|Any CPU.Build.0 = Release|x64
		{561F2B99-5CCA-47D3-97F6-4BC537FD876C}.Release|x64.ActiveCfg = Release|x64
		{561F2B99-5CCA-47D3-97F6-4BC537FD876C}.Release|x64.Build.0 = Release|x64
		{561F2B99-5CCA-47D3-97F6-4BC537FD876C}.Release|x86.ActiveCfg = Release|Win32
		{561F2B99-5CCA-47D3-97F6-4BC537FD876C}.Release|x86.Build.0 = Release|Win32
		{F5F2E7D5-E17D-4F8D-A15F-4475253BE0B6}.Debug|Any CPU.ActiveCfg = Debug|Any CPU
		{F5F2E7D5-E17D-4F8D-A15F-4475253BE0B6}.Debug|Any CPU.Build.0 = Debug|Any CPU
		{F5F2E7D5-E17D-4F8D-A15F-4475253BE0B6}.Debug|x64.ActiveCfg = Debug|Any CPU
		{F5F2E7D5-E17D-4F8D-A15F-4475253BE0B6}.Debug|x64.Build.0 = Debug|Any CPU
		{F5F2E7D5-E17D-4F8D-A15F-4475253BE0B6}.Debug|x86.ActiveCfg = Debug|Any CPU
		{F5F2E7D5-E17D-4F8D-A15F-4475253BE0B6}.Debug|x86.Build.0 = Debug|Any CPU
		{F5F2E7D5-E17D-4F8D-A15F-4475253BE0B6}.Release|Any CPU.ActiveCfg = Release|Any CPU
		{F5F2E7D5-E17D-4F8D-A15F-4475253BE0B6}.Release|Any CPU.Build.0 = Release|Any CPU
		{F5F2E7D5-E17D-4F8D-A15F-4475253BE0B6}.Release|x64.ActiveCfg = Release|Any CPU
		{F5F2E7D5-E17D-4F8D-A15F-4475253BE0B6}.Release|x64.Build.0 = Release|Any CPU
		{F5F2E7D5-E17D-4F8D-A15F-4475253BE0B6}.Release|x86.ActiveCfg = Release|Any CPU
		{F5F2E7D5-E17D-4F8D-A15F-4475253BE0B6}.Release|x86.Build.0 = Release|Any CPU
		{72DBD442-FD03-40BA-8DD6-3AFDA9784CC1}.Debug|Any CPU.ActiveCfg = Debug|Any CPU
		{72DBD442-FD03-40BA-8DD6-3AFDA9784CC1}.Debug|Any CPU.Build.0 = Debug|Any CPU
		{72DBD442-FD03-40BA-8DD6-3AFDA9784CC1}.Debug|x64.ActiveCfg = Debug|Any CPU
		{72DBD442-FD03-40BA-8DD6-3AFDA9784CC1}.Debug|x64.Build.0 = Debug|Any CPU
		{72DBD442-FD03-40BA-8DD6-3AFDA9784CC1}.Debug|x86.ActiveCfg = Debug|Any CPU
		{72DBD442-FD03-40BA-8DD6-3AFDA9784CC1}.Debug|x86.Build.0 = Debug|Any CPU
		{72DBD442-FD03-40BA-8DD6-3AFDA9784CC1}.Release|Any CPU.ActiveCfg = Release|Any CPU
		{72DBD442-FD03-40BA-8DD6-3AFDA9784CC1}.Release|Any CPU.Build.0 = Release|Any CPU
		{72DBD442-FD03-40BA-8DD6-3AFDA9784CC1}.Release|x64.ActiveCfg = Release|Any CPU
		{72DBD442-FD03-40BA-8DD6-3AFDA9784CC1}.Release|x64.Build.0 = Release|Any CPU
		{72DBD442-FD03-40BA-8DD6-3AFDA9784CC1}.Release|x86.ActiveCfg = Release|Any CPU
		{72DBD442-FD03-40BA-8DD6-3AFDA9784CC1}.Release|x86.Build.0 = Release|Any CPU
	EndGlobalSection
	GlobalSection(SolutionProperties) = preSolution
		HideSolutionNode = FALSE
	EndGlobalSection
	GlobalSection(ExtensibilityGlobals) = postSolution
		SolutionGuid = {BA04556E-F325-40BC-9432-96BDA3F50BB0}
	EndGlobalSection
EndGlobal
